{
  "name": "com.adobe.cq.core.wcm.components.it.content",
  "version": "2.17.1-SNAPSHOT",
  "lockfileVersion": 1,
  "requires": true,
  "dependencies": {
    "semver-regex": {
      "version": "3.1.2",
      "resolved": "https://registry.npmjs.org/semver-regex/-/semver-regex-3.1.2.tgz",
      "integrity": "sha512-bXWyL6EAKOJa81XG1OZ/Yyuq+oT0b2YLlxx7c+mrdYPaPbnj6WgVULXhinMIeZGufuUBu/eVRqXEhiv4imfwxA==",
      "dev": true
    },
    "sync-pom-version-to-package": {
      "version": "1.6.1",
      "resolved": "https://registry.npmjs.org/sync-pom-version-to-package/-/sync-pom-version-to-package-1.6.1.tgz",
      "integrity": "sha512-coZldGGzWKwAnQ30Uc5WKWPEF1iA5IsMfaH9BJfGvOn3xv/sMG7uyCwCXn4R8xBcHECwpjuqopJuFj0CTLvw1w==",
      "dev": true,
      "requires": {
        "argparse": "^2.0.1",
        "semver-regex": "^3.1.1",
        "xml-parser": "^1.2.1"
      },
      "dependencies": {
        "argparse": {
          "version": "2.0.1",
          "resolved": "https://registry.npmjs.org/argparse/-/argparse-2.0.1.tgz",
          "integrity": "sha512-8+9WqebbFzpX9OR+Wa6O29asIogeRMzcGtAINdpMHHyAg10f05aSFVBbcEqGf/PXw1EjAZ+q2/bEBg3DvurK3Q==",
          "dev": true
        }
      }
    },
    "xml-parser": {
      "version": "1.2.1",
      "resolved": "https://registry.npmjs.org/xml-parser/-/xml-parser-1.2.1.tgz",
      "integrity": "sha1-wx9MNPKXXbgq0BMiISBZJzYVb80=",
      "dev": true,
      "requires": {
        "debug": "^2.2.0"
      },
      "dependencies": {
        "debug": {
          "version": "2.6.9",
          "resolved": "https://registry.npmjs.org/debug/-/debug-2.6.9.tgz",
          "integrity": "sha512-bC7ElrdJaJnPbAP+1EotYvqZsb3ecl5wi6Bfi6BJTUcNowp6cvspg0jXznRTKDjm/E7AdgFBVeAPVMNcKGsHMA==",
          "dev": true,
          "requires": {
            "ms": "2.0.0"
          }
        },
        "ms": {
          "version": "2.0.0",
          "resolved": "https://registry.npmjs.org/ms/-/ms-2.0.0.tgz",
          "integrity": "sha1-VgiurfwAvmwpAd9fmGF4jeDVl8g=",
          "dev": true
        }
      }
    }
  }
}
