{
    "name": "com.adobe.cq.core.wcm.components.it.content",
    "version": "2.20.9-SNAPSHOT",
    "lockfileVersion": 2,
    "requires": true,
    "packages": {
        "": {
            "name": "com.adobe.cq.core.wcm.components.it.content",
            "version": "2.20.9-SNAPSHOT",
            "license": "Apache-2.0",
            "devDependencies": {
                "sync-pom-version-to-package": "^1.6.1"
            }
        },
        "node_modules/argparse": {
            "version": "2.0.1",
            "resolved": "https://registry.npmjs.org/argparse/-/argparse-2.0.1.tgz",
            "integrity": "sha512-8+9WqebbFzpX9OR+Wa6O29asIogeRMzcGtAINdpMHHyAg10f05aSFVBbcEqGf/PXw1EjAZ+q2/bEBg3DvurK3Q==",
            "dev": true
        },
        "node_modules/debug": {
            "version": "2.6.9",
            "resolved": "https://registry.npmjs.org/debug/-/debug-2.6.9.tgz",
            "integrity": "sha512-bC7ElrdJaJnPbAP+1EotYvqZsb3ecl5wi6Bfi6BJTUcNowp6cvspg0jXznRTKDjm/E7AdgFBVeAPVMNcKGsHMA==",
            "dev": true,
            "dependencies": {
                "ms": "2.0.0"
            }
        },
        "node_modules/ms": {
            "version": "2.0.0",
            "resolved": "https://registry.npmjs.org/ms/-/ms-2.0.0.tgz",
            "integrity": "sha1-VgiurfwAvmwpAd9fmGF4jeDVl8g=",
            "dev": true
        },
        "node_modules/semver-regex": {
            "version": "3.1.4",
            "resolved": "https://registry.npmjs.org/semver-regex/-/semver-regex-3.1.4.tgz",
            "integrity": "sha512-6IiqeZNgq01qGf0TId0t3NvKzSvUsjcpdEO3AQNeIjR6A2+ckTnQlDpl4qu1bjRv0RzN3FP9hzFmws3lKqRWkA==",
            "dev": true,
            "engines": {
                "node": ">=8"
            },
            "funding": {
                "url": "https://github.com/sponsors/sindresorhus"
            }
        },
        "node_modules/sync-pom-version-to-package": {
            "version": "1.6.1",
            "resolved": "https://registry.npmjs.org/sync-pom-version-to-package/-/sync-pom-version-to-package-1.6.1.tgz",
            "integrity": "sha512-coZldGGzWKwAnQ30Uc5WKWPEF1iA5IsMfaH9BJfGvOn3xv/sMG7uyCwCXn4R8xBcHECwpjuqopJuFj0CTLvw1w==",
            "dev": true,
            "dependencies": {
                "argparse": "^2.0.1",
                "semver-regex": "^3.1.1",
                "xml-parser": "^1.2.1"
            },
            "bin": {
                "sync-pom-version": "src/cli.js"
            }
        },
        "node_modules/xml-parser": {
            "version": "1.2.1",
            "resolved": "https://registry.npmjs.org/xml-parser/-/xml-parser-1.2.1.tgz",
            "integrity": "sha1-wx9MNPKXXbgq0BMiISBZJzYVb80=",
            "dev": true,
            "dependencies": {
                "debug": "^2.2.0"
            }
        }
    },
    "dependencies": {
        "argparse": {
            "version": "2.0.1",
            "resolved": "https://registry.npmjs.org/argparse/-/argparse-2.0.1.tgz",
            "integrity": "sha512-8+9WqebbFzpX9OR+Wa6O29asIogeRMzcGtAINdpMHHyAg10f05aSFVBbcEqGf/PXw1EjAZ+q2/bEBg3DvurK3Q==",
            "dev": true
        },
        "debug": {
            "version": "2.6.9",
            "resolved": "https://registry.npmjs.org/debug/-/debug-2.6.9.tgz",
            "integrity": "sha512-bC7ElrdJaJnPbAP+1EotYvqZsb3ecl5wi6Bfi6BJTUcNowp6cvspg0jXznRTKDjm/E7AdgFBVeAPVMNcKGsHMA==",
            "dev": true,
            "requires": {
                "ms": "2.0.0"
            }
        },
        "ms": {
            "version": "2.0.0",
            "resolved": "https://registry.npmjs.org/ms/-/ms-2.0.0.tgz",
            "integrity": "sha1-VgiurfwAvmwpAd9fmGF4jeDVl8g=",
            "dev": true
        },
        "semver-regex": {
            "version": "3.1.4",
            "resolved": "https://registry.npmjs.org/semver-regex/-/semver-regex-3.1.4.tgz",
            "integrity": "sha512-6IiqeZNgq01qGf0TId0t3NvKzSvUsjcpdEO3AQNeIjR6A2+ckTnQlDpl4qu1bjRv0RzN3FP9hzFmws3lKqRWkA==",
            "dev": true
        },
        "sync-pom-version-to-package": {
            "version": "1.6.1",
            "resolved": "https://registry.npmjs.org/sync-pom-version-to-package/-/sync-pom-version-to-package-1.6.1.tgz",
            "integrity": "sha512-coZldGGzWKwAnQ30Uc5WKWPEF1iA5IsMfaH9BJfGvOn3xv/sMG7uyCwCXn4R8xBcHECwpjuqopJuFj0CTLvw1w==",
            "dev": true,
            "requires": {
                "argparse": "^2.0.1",
                "semver-regex": "^3.1.1",
                "xml-parser": "^1.2.1"
            }
        },
        "xml-parser": {
            "version": "1.2.1",
            "resolved": "https://registry.npmjs.org/xml-parser/-/xml-parser-1.2.1.tgz",
            "integrity": "sha1-wx9MNPKXXbgq0BMiISBZJzYVb80=",
            "dev": true,
            "requires": {
                "debug": "^2.2.0"
            }
        }
    }
}
